
Microsoft Visual Studio Solution File, Format Version 12.00
# Visual Studio Version 17
VisualStudioVersion = 17.1.32319.34
MinimumVisualStudioVersion = 10.0.40219.1
Project("{FAE04EC0-301F-11D3-BF4B-00C04F79EFBC}") = "CarGame", "CarGame\CarGame.csproj", "{612E8B49-2BFA-451A-A281-25ED3AAF6D5C}"
EndProject
Global
	GlobalSection(SolutionConfigurationPlatforms) = preSolution
		Debug|Any CPU = Debug|Any CPU
		Release|Any CPU = Release|Any CPU
	EndGlobalSection
	GlobalSection(ProjectConfigurationPlatforms) = postSolution
		{612E8B49-2BFA-451A-A281-25ED3AAF6D5C}.Debug|Any CPU.ActiveCfg = Debug|Any CPU
		{612E8B49-2BFA-451A-A281-25ED3AAF6D5C}.Debug|Any CPU.Build.0 = Debug|Any CPU
		{612E8B49-2BFA-451A-A281-25ED3AAF6D5C}.Release|Any CPU.ActiveCfg = Release|Any CPU
		{612E8B49-2BFA-451A-A281-25ED3AAF6D5C}.Release|Any CPU.Build.0 = Release|Any CPU
	EndGlobalSection
	GlobalSection(SolutionProperties) = preSolution
		HideSolutionNode = FALSE
	EndGlobalSection
	GlobalSection(ExtensibilityGlobals) = postSolution
		SolutionGuid = {D98AD452-121F-4224-A2D7-A524F6F4E207}
	EndGlobalSection
EndGlobal
